
Microsoft Visual Studio Solution File, Format Version 12.00
# Visual Studio Version 17
VisualStudioVersion = 17.14.36518.9 d17.14
MinimumVisualStudioVersion = 10.0.40219.1
Project("{FAE04EC0-301F-11D3-BF4B-00C04F79EFBC}") = "Api PPS", "Api PPS\Api PPS.csproj", "{4BEE875F-3DA6-471B-8AD9-FC36AB1C0015}"
EndProject
Global
	GlobalSection(SolutionConfigurationPlatforms) = preSolution
		Debug|Any CPU = Debug|Any CPU
		Release|Any CPU = Release|Any CPU
	EndGlobalSection
	GlobalSection(ProjectConfigurationPlatforms) = postSolution
		{4BEE875F-3DA6-471B-8AD9-FC36AB1C0015}.Debug|Any CPU.ActiveCfg = Debug|Any CPU
		{4BEE875F-3DA6-471B-8AD9-FC36AB1C0015}.Debug|Any CPU.Build.0 = Debug|Any CPU
		{4BEE875F-3DA6-471B-8AD9-FC36AB1C0015}.Release|Any CPU.ActiveCfg = Release|Any CPU
		{4BEE875F-3DA6-471B-8AD9-FC36AB1C0015}.Release|Any CPU.Build.0 = Release|Any CPU
	EndGlobalSection
	GlobalSection(SolutionProperties) = preSolution
		HideSolutionNode = FALSE
	EndGlobalSection
	GlobalSection(ExtensibilityGlobals) = postSolution
		SolutionGuid = {3A1AD5B0-A667-4527-B77F-C0AB6E7B7762}
	EndGlobalSection
EndGlobal
